
Microsoft Visual Studio Solution File, Format Version 11.00
# Visual Studio 2010
Project("{FAE04EC0-301F-11D3-BF4B-00C04F79EFBC}") = "Runtime_Editor", "Runtime_Editor.csproj", "{D90078F0-8921-4C94-A7E5-79CBD516357C}"
EndProject
Global
	GlobalSection(SolutionConfigurationPlatforms) = preSolution
		Debug|Any CPU = Debug|Any CPU
		Release|Any CPU = Release|Any CPU
	EndGlobalSection
	GlobalSection(ProjectConfigurationPlatforms) = postSolution
		{D90078F0-8921-4C94-A7E5-79CBD516357C}.Debug|Any CPU.ActiveCfg = Debug|Any CPU
		{D90078F0-8921-4C94-A7E5-79CBD516357C}.Debug|Any CPU.Build.0 = Debug|Any CPU
		{D90078F0-8921-4C94-A7E5-79CBD516357C}.Release|Any CPU.ActiveCfg = Release|Any CPU
		{D90078F0-8921-4C94-A7E5-79CBD516357C}.Release|Any CPU.Build.0 = Release|Any CPU
	EndGlobalSection
	GlobalSection(SolutionProperties) = preSolution
		HideSolutionNode = FALSE
	EndGlobalSection
EndGlobal
